// !$*UTF8*$!
{
	archiveVersion = 1;
	classes = {
	};
	objectVersion = 50;
	objects = {

/* Begin PBXBuildFile section */
		83774B5C2476018B00BB85C8 /* AppDelegate.swift in Sources */ = {isa = PBXBuildFile; fileRef = 83774B5B2476018B00BB85C8 /* AppDelegate.swift */; };
		83774B5E2476018B00BB85C8 /* SceneDelegate.swift in Sources */ = {isa = PBXBuildFile; fileRef = 83774B5D2476018B00BB85C8 /* SceneDelegate.swift */; };
		83774B602476018B00BB85C8 /* ViewController.swift in Sources */ = {isa = PBXBuildFile; fileRef = 83774B5F2476018B00BB85C8 /* ViewController.swift */; };
		83774B632476018B00BB85C8 /* Main.storyboard in Resources */ = {isa = PBXBuildFile; fileRef = 83774B612476018B00BB85C8 /* Main.storyboard */; };
		83774B662476018B00BB85C8 /* Read_With_Me.xcdatamodeld in Sources */ = {isa = PBXBuildFile; fileRef = 83774B642476018B00BB85C8 /* Read_With_Me.xcdatamodeld */; };
		83774B682476019000BB85C8 /* Assets.xcassets in Resources */ = {isa = PBXBuildFile; fileRef = 83774B672476019000BB85C8 /* Assets.xcassets */; };
		83774B6B2476019000BB85C8 /* LaunchScreen.storyboard in Resources */ = {isa = PBXBuildFile; fileRef = 83774B692476019000BB85C8 /* LaunchScreen.storyboard */; };
/* End PBXBuildFile section */

/* Begin PBXFileReference section */
		83774B582476018B00BB85C8 /* Read With Me.app */ = {isa = PBXFileReference; explicitFileType = wrapper.application; includeInIndex = 0; path = "Read With Me.app"; sourceTree = BUILT_PRODUCTS_DIR; };
		83774B5B2476018B00BB85C8 /* AppDelegate.swift */ = {isa = PBXFileReference; lastKnownFileType = sourcecode.swift; path = AppDelegate.swift; sourceTree = "<group>"; };
		83774B5D2476018B00BB85C8 /* SceneDelegate.swift */ = {isa = PBXFileReference; lastKnownFileType = sourcecode.swift; path = SceneDelegate.swift; sourceTree = "<group>"; };
		83774B5F2476018B00BB85C8 /* ViewController.swift */ = {isa = PBXFileReference; lastKnownFileType = sourcecode.swift; path = ViewController.swift; sourceTree = "<group>"; };
		83774B622476018B00BB85C8 /* Base */ = {isa = PBXFileReference; lastKnownFileType = file.storyboard; name = Base; path = Base.lproj/Main.storyboard; sourceTree = "<group>"; };
		83774B652476018B00BB85C8 /* Read_With_Me.xcdatamodel */ = {isa = PBXFileReference; lastKnownFileType = wrapper.xcdatamodel; path = Read_With_Me.xcdatamodel; sourceTree = "<group>"; };
		83774B672476019000BB85C8 /* Assets.xcassets */ = {isa = PBXFileReference; lastKnownFileType = folder.assetcatalog; path = Assets.xcassets; sourceTree = "<group>"; };
		83774B6A2476019000BB85C8 /* Base */ = {isa = PBXFileReference; lastKnownFileType = file.storyboard; name = Base; path = Base.lproj/LaunchScreen.storyboard; sourceTree = "<group>"; };
		83774B6C2476019000BB85C8 /* Info.plist */ = {isa = PBXFileReference; lastKnownFileType = text.plist.xml; path = Info.plist; sourceTree = "<group>"; };
/* End PBXFileReference section */

/* Begin PBXFrameworksBuildPhase section */
		83774B552476018B00BB85C8 /* Frameworks */ = {
			isa = PBXFrameworksBuildPhase;
			buildActionMask = 2147483647;
			files = (
			);
			runOnlyForDeploymentPostprocessing = 0;
		};
/* End PBXFrameworksBuildPhase section */

/* Begin PBXGroup section */
		83774B4F2476018B00BB85C8 = {
			isa = PBXGroup;
			children = (
				83774B5A2476018B00BB85C8 /* Read With Me */,
				83774B592476018B00BB85C8 /* Products */,
			);
			sourceTree = "<group>";
		};
		83774B592476018B00BB85C8 /* Products */ = {
			isa = PBXGroup;
			children = (
				83774B582476018B00BB85C8 /* Read With Me.app */,
			);
			name = Products;
			sourceTree = "<group>";
		};
		83774B5A2476018B00BB85C8 /* Read With Me */ = {
			isa = PBXGroup;
			children = (
				83774B5B2476018B00BB85C8 /* AppDelegate.swift */,
				83774B5D2476018B00BB85C8 /* SceneDelegate.swift */,
				83774B5F2476018B00BB85C8 /* ViewController.swift */,
				83774B612476018B00BB85C8 /* Main.storyboard */,
				83774B672476019000BB85C8 /* Assets.xcassets */,
				83774B692476019000BB85C8 /* LaunchScreen.storyboard */,
				83774B6C2476019000BB85C8 /* Info.plist */,
				83774B642476018B00BB85C8 /* Read_With_Me.xcdatamodeld */,
			);
			path = "Read With Me";
			sourceTree = "<group>";
		};
/* End PBXGroup section */

/* Begin PBXNativeTarget section */
		83774B572476018B00BB85C8 /* Read With Me */ = {
			isa = PBXNativeTarget;
			buildConfigurationList = 83774B6F2476019000BB85C8 /* Build configuration list for PBXNativeTarget "Read With Me" */;
			buildPhases = (
				83774B542476018B00BB85C8 /* Sources */,
				83774B552476018B00BB85C8 /* Frameworks */,
				83774B562476018B00BB85C8 /* Resources */,
			);
			buildRules = (
			);
			dependencies = (
			);
			name = "Read With Me";
			productName = "Read With Me";
			productReference = 83774B582476018B00BB85C8 /* Read With Me.app */;
			productType = "com.apple.product-type.application";
		};
/* End PBXNativeTarget section */

/* Begin PBXProject section */
		83774B502476018B00BB85C8 /* Project object */ = {
			isa = PBXProject;
			attributes = {
				LastSwiftUpdateCheck = 1140;
				LastUpgradeCheck = 1140;
				ORGANIZATIONNAME = "Emma Finkel";
				TargetAttributes = {
					83774B572476018B00BB85C8 = {
						CreatedOnToolsVersion = 11.4;
					};
				};
			};
			buildConfigurationList = 83774B532476018B00BB85C8 /* Build configuration list for PBXProject "Read With Me" */;
			compatibilityVersion = "Xcode 9.3";
			developmentRegion = en;
			hasScannedForEncodings = 0;
			knownRegions = (
				en,
				Base,
			);
			mainGroup = 83774B4F2476018B00BB85C8;
			productRefGroup = 83774B592476018B00BB85C8 /* Products */;
			projectDirPath = "";
			projectRoot = "";
			targets = (
				83774B572476018B00BB85C8 /* Read With Me */,
			);
		};
/* End PBXProject section */

/* Begin PBXResourcesBuildPhase section */
		83774B562476018B00BB85C8 /* Resources */ = {
			isa = PBXResourcesBuildPhase;
			buildActionMask = 2147483647;
			files = (
				83774B6B2476019000BB85C8 /* LaunchScreen.storyboard in Resources */,
				83774B682476019000BB85C8 /* Assets.xcassets in Resources */,
				83774B632476018B00BB85C8 /* Main.storyboard in Resources */,
			);
			runOnlyForDeploymentPostprocessing = 0;
		};
/* End PBXResourcesBuildPhase section */

/* Begin PBXSourcesBuildPhase section */
		83774B542476018B00BB85C8 /* Sources */ = {
			isa = PBXSourcesBuildPhase;
			buildActionMask = 2147483647;
			files = (
				83774B602476018B00BB85C8 /* ViewController.swift in Sources */,
				83774B662476018B00BB85C8 /* Read_With_Me.xcdatamodeld in Sources */,
				83774B5C2476018B00BB85C8 /* AppDelegate.swift in Sources */,
				83774B5E2476018B00BB85C8 /* SceneDelegate.swift in Sources */,
			);
			runOnlyForDeploymentPostprocessing = 0;
		};
/* End PBXSourcesBuildPhase section */

/* Begin PBXVariantGroup section */
		83774B612476018B00BB85C8 /* Main.storyboard */ = {
			isa = PBXVariantGroup;
			children = (
				83774B622476018B00BB85C8 /* Base */,
			);
			name = Main.storyboard;
			sourceTree = "<group>";
		};
		83774B692476019000BB85C8 /* LaunchScreen.storyboard */ = {
			isa = PBXVariantGroup;
			children = (
				83774B6A2476019000BB85C8 /* Base */,
			);
			name = LaunchScreen.storyboard;
			sourceTree = "<group>";
		};
/* End PBXVariantGroup section */

/* Begin XCBuildConfiguration section */
		83774B6D2476019000BB85C8 /* Debug */ = {
			isa = XCBuildConfiguration;
			buildSettings = {
				ALWAYS_SEARCH_USER_PATHS = NO;
				CLANG_ANALYZER_NONNULL = YES;
				CLANG_ANALYZER_NUMBER_OBJECT_CONVERSION = YES_AGGRESSIVE;
				CLANG_CXX_LANGUAGE_STANDARD = "gnu++14";
				CLANG_CXX_LIBRARY = "libc++";
				CLANG_ENABLE_MODULES = YES;
				CLANG_ENABLE_OBJC_ARC = YES;
				CLANG_ENABLE_OBJC_WEAK = YES;
				CLANG_WARN_BLOCK_CAPTURE_AUTORELEASING = YES;
				CLANG_WARN_BOOL_CONVERSION = YES;
				CLANG_WARN_COMMA = YES;
				CLANG_WARN_CONSTANT_CONVERSION = YES;
				CLANG_WARN_DEPRECATED_OBJC_IMPLEMENTATIONS = YES;
				CLANG_WARN_DIRECT_OBJC_ISA_USAGE = YES_ERROR;
				CLANG_WARN_DOCUMENTATION_COMMENTS = YES;
				CLANG_WARN_EMPTY_BODY = YES;
				CLANG_WARN_ENUM_CONVERSION = YES;
				CLANG_WARN_INFINITE_RECURSION = YES;
				CLANG_WARN_INT_CONVERSION = YES;
				CLANG_WARN_NON_LITERAL_NULL_CONVERSION = YES;
				CLANG_WARN_OBJC_IMPLICIT_RETAIN_SELF = YES;
				CLANG_WARN_OBJC_LITERAL_CONVERSION = YES;
				CLANG_WARN_OBJC_ROOT_CLASS = YES_ERROR;
				CLANG_WARN_RANGE_LOOP_ANALYSIS = YES;
				CLANG_WARN_STRICT_PROTOTYPES = YES;
				CLANG_WARN_SUSPICIOUS_MOVE = YES;
				CLANG_WARN_UNGUARDED_AVAILABILITY = YES_AGGRESSIVE;
				CLANG_WARN_UNREACHABLE_CODE = YES;
				CLANG_WARN__DUPLICATE_METHOD_MATCH = YES;
				COPY_PHASE_STRIP = NO;
				DEBUG_INFORMATION_FORMAT = dwarf;
				ENABLE_STRICT_OBJC_MSGSEND = YES;
				ENABLE_TESTABILITY = YES;
				GCC_C_LANGUAGE_STANDARD = gnu11;
				GCC_DYNAMIC_NO_PIC = NO;
				GCC_NO_COMMON_BLOCKS = YES;
				GCC_OPTIMIZATION_LEVEL = 0;
				GCC_PREPROCESSOR_DEFINITIONS = (
					"DEBUG=1",
					"$(inherited)",
				);
				GCC_WARN_64_TO_32_BIT_CONVERSION = YES;
				GCC_WARN_ABOUT_RETURN_TYPE = YES_ERROR;
				GCC_WARN_UNDECLARED_SELECTOR = YES;
				GCC_WARN_UNINITIALIZED_AUTOS = YES_AGGRESSIVE;
				GCC_WARN_UNUSED_FUNCTION = YES;
				GCC_WARN_UNUSED_VARIABLE = YES;
				IPHONEOS_DEPLOYMENT_TARGET = 13.4;
				MTL_ENABLE_DEBUG_INFO = INCLUDE_SOURCE;
				MTL_FAST_MATH = YES;
				ONLY_ACTIVE_ARCH = YES;
				SDKROOT = iphoneos;
				SWIFT_ACTIVE_COMPILATION_CONDITIONS = DEBUG;
				SWIFT_OPTIMIZATION_LEVEL = "-Onone";
			};
			name = Debug;
		};
		83774B6E2476019000BB85C8 /* Release */ = {
			isa = XCBuildConfiguration;
			buildSettings = {
				ALWAYS_SEARCH_USER_PATHS = NO;
				CLANG_ANALYZER_NONNULL = YES;
				CLANG_ANALYZER_NUMBER_OBJECT_CONVERSION = YES_AGGRESSIVE;
				CLANG_CXX_LANGUAGE_STANDARD = "gnu++14";
				CLANG_CXX_LIBRARY = "libc++";
				CLANG_ENABLE_MODULES = YES;
				CLANG_ENABLE_OBJC_ARC = YES;
				CLANG_ENABLE_OBJC_WEAK = YES;
				CLANG_WARN_BLOCK_CAPTURE_AUTORELEASING = YES;
				CLANG_WARN_BOOL_CONVERSION = YES;
				CLANG_WARN_COMMA = YES;
				CLANG_WARN_CONSTANT_CONVERSION = YES;
				CLANG_WARN_DEPRECATED_OBJC_IMPLEMENTATIONS = YES;
				CLANG_WARN_DIRECT_OBJC_ISA_USAGE = YES_ERROR;
				CLANG_WARN_DOCUMENTATION_COMMENTS = YES;
				CLANG_WARN_EMPTY_BODY = YES;
				CLANG_WARN_ENUM_CONVERSION = YES;
				CLANG_WARN_INFINITE_RECURSION = YES;
				CLANG_WARN_INT_CONVERSION = YES;
				CLANG_WARN_NON_LITERAL_NULL_CONVERSION = YES;
				CLANG_WARN_OBJC_IMPLICIT_RETAIN_SELF = YES;
				CLANG_WARN_OBJC_LITERAL_CONVERSION = YES;
				CLANG_WARN_OBJC_ROOT_CLASS = YES_ERROR;
				CLANG_WARN_RANGE_LOOP_ANALYSIS = YES;
				CLANG_WARN_STRICT_PROTOTYPES = YES;
				CLANG_WARN_SUSPICIOUS_MOVE = YES;
				CLANG_WARN_UNGUARDED_AVAILABILITY = YES_AGGRESSIVE;
				CLANG_WARN_UNREACHABLE_CODE = YES;
				CLANG_WARN__DUPLICATE_METHOD_MATCH = YES;
				COPY_PHASE_STRIP = NO;
				DEBUG_INFORMATION_FORMAT = "dwarf-with-dsym";
				ENABLE_NS_ASSERTIONS = NO;
				ENABLE_STRICT_OBJC_MSGSEND = YES;
				GCC_C_LANGUAGE_STANDARD = gnu11;
				GCC_NO_COMMON_BLOCKS = YES;
				GCC_WARN_64_TO_32_BIT_CONVERSION = YES;
				GCC_WARN_ABOUT_RETURN_TYPE = YES_ERROR;
				GCC_WARN_UNDECLARED_SELECTOR = YES;
				GCC_WARN_UNINITIALIZED_AUTOS = YES_AGGRESSIVE;
				GCC_WARN_UNUSED_FUNCTION = YES;
				GCC_WARN_UNUSED_VARIABLE = YES;
				IPHONEOS_DEPLOYMENT_TARGET = 13.4;
				MTL_ENABLE_DEBUG_INFO = NO;
				MTL_FAST_MATH = YES;
				SDKROOT = iphoneos;
				SWIFT_COMPILATION_MODE = wholemodule;
				SWIFT_OPTIMIZATION_LEVEL = "-O";
				VALIDATE_PRODUCT = YES;
			};
			name = Release;
		};
		83774B702476019000BB85C8 /* Debug */ = {
			isa = XCBuildConfiguration;
			buildSettings = {
				ASSETCATALOG_COMPILER_APPICON_NAME = AppIcon;
				CODE_SIGN_STYLE = Automatic;
				INFOPLIST_FILE = "Read With Me/Info.plist";
				LD_RUNPATH_SEARCH_PATHS = (
					"$(inherited)",
					"@executable_path/Frameworks",
				);
				PRODUCT_BUNDLE_IDENTIFIER = "EF.Read-With-Me";
				PRODUCT_NAME = "$(TARGET_NAME)";
				SWIFT_VERSION = 5.0;
				TARGETED_DEVICE_FAMILY = "1,2";
			};
			name = Debug;
		};
		83774B712476019000BB85C8 /* Release */ = {
			isa = XCBuildConfiguration;
			buildSettings = {
				ASSETCATALOG_COMPILER_APPICON_NAME = AppIcon;
				CODE_SIGN_STYLE = Automatic;
				INFOPLIST_FILE = "Read With Me/Info.plist";
				LD_RUNPATH_SEARCH_PATHS = (
					"$(inherited)",
					"@executable_path/Frameworks",
				);
				PRODUCT_BUNDLE_IDENTIFIER = "EF.Read-With-Me";
				PRODUCT_NAME = "$(TARGET_NAME)";
				SWIFT_VERSION = 5.0;
				TARGETED_DEVICE_FAMILY = "1,2";
			};
			name = Release;
		};
/* End XCBuildConfiguration section */

/* Begin XCConfigurationList section */
		83774B532476018B00BB85C8 /* Build configuration list for PBXProject "Read With Me" */ = {
			isa = XCConfigurationList;
			buildConfigurations = (
				83774B6D2476019000BB85C8 /* Debug */,
				83774B6E2476019000BB85C8 /* Release */,
			);
			defaultConfigurationIsVisible = 0;
			defaultConfigurationName = Release;
		};
		83774B6F2476019000BB85C8 /* Build configuration list for PBXNativeTarget "Read With Me" */ = {
			isa = XCConfigurationList;
			buildConfigurations = (
				83774B702476019000BB85C8 /* Debug */,
				83774B712476019000BB85C8 /* Release */,
			);
			defaultConfigurationIsVisible = 0;
			defaultConfigurationName = Release;
		};
/* End XCConfigurationList section */

/* Begin XCVersionGroup section */
		83774B642476018B00BB85C8 /* Read_With_Me.xcdatamodeld */ = {
			isa = XCVersionGroup;
			children = (
				83774B652476018B00BB85C8 /* Read_With_Me.xcdatamodel */,
			);
			currentVersion = 83774B652476018B00BB85C8 /* Read_With_Me.xcdatamodel */;
			path = Read_With_Me.xcdatamodeld;
			sourceTree = "<group>";
			versionGroupType = wrapper.xcdatamodel;
		};
/* End XCVersionGroup section */
	};
	rootObject = 83774B502476018B00BB85C8 /* Project object */;
}
